
Microsoft Visual Studio Solution File, Format Version 12.00
# Visual Studio 15
VisualStudioVersion = 15.0.26430.14
MinimumVisualStudioVersion = 10.0.40219.1
Project("{FAE04EC0-301F-11D3-BF4B-00C04F79EFBC}") = "CreateDeviceIdentity", "SimulatedDevices\CreateDeviceIdentity.csproj", "{ED9F41CF-B592-4026-A5AE-42134C3D4904}"
EndProject
Project("{FAE04EC0-301F-11D3-BF4B-00C04F79EFBC}") = "ReadDeviceToCloudMessages", "ReadDeviceToCloudMessages\ReadDeviceToCloudMessages.csproj", "{7F21E180-6526-48CB-AC0C-FC0C7626F8B2}"
EndProject
Project("{FAE04EC0-301F-11D3-BF4B-00C04F79EFBC}") = "SimulatedDevice", "DeviceSimulator\SimulatedDevice.csproj", "{90580D9D-4F73-4674-8957-D343BFBCE564}"
EndProject
Global
	GlobalSection(SolutionConfigurationPlatforms) = preSolution
		Debug|Any CPU = Debug|Any CPU
		Release|Any CPU = Release|Any CPU
	EndGlobalSection
	GlobalSection(ProjectConfigurationPlatforms) = postSolution
		{ED9F41CF-B592-4026-A5AE-42134C3D4904}.Debug|Any CPU.ActiveCfg = Debug|Any CPU
		{ED9F41CF-B592-4026-A5AE-42134C3D4904}.Debug|Any CPU.Build.0 = Debug|Any CPU
		{ED9F41CF-B592-4026-A5AE-42134C3D4904}.Release|Any CPU.ActiveCfg = Release|Any CPU
		{ED9F41CF-B592-4026-A5AE-42134C3D4904}.Release|Any CPU.Build.0 = Release|Any CPU
		{7F21E180-6526-48CB-AC0C-FC0C7626F8B2}.Debug|Any CPU.ActiveCfg = Debug|Any CPU
		{7F21E180-6526-48CB-AC0C-FC0C7626F8B2}.Debug|Any CPU.Build.0 = Debug|Any CPU
		{7F21E180-6526-48CB-AC0C-FC0C7626F8B2}.Release|Any CPU.ActiveCfg = Release|Any CPU
		{7F21E180-6526-48CB-AC0C-FC0C7626F8B2}.Release|Any CPU.Build.0 = Release|Any CPU
		{90580D9D-4F73-4674-8957-D343BFBCE564}.Debug|Any CPU.ActiveCfg = Debug|Any CPU
		{90580D9D-4F73-4674-8957-D343BFBCE564}.Debug|Any CPU.Build.0 = Debug|Any CPU
		{90580D9D-4F73-4674-8957-D343BFBCE564}.Release|Any CPU.ActiveCfg = Release|Any CPU
		{90580D9D-4F73-4674-8957-D343BFBCE564}.Release|Any CPU.Build.0 = Release|Any CPU
	EndGlobalSection
	GlobalSection(SolutionProperties) = preSolution
		HideSolutionNode = FALSE
	EndGlobalSection
	GlobalSection(ExtensibilityGlobals) = postSolution
		EnterpriseLibraryConfigurationToolBinariesPathV6 = packages\EnterpriseLibrary.TransientFaultHandling.6.0.1304.0\lib\portable-net45+win+wp8
	EndGlobalSection
EndGlobal
